
Microsoft Visual Studio Solution File, Format Version 12.00
# Visual Studio Version 16
VisualStudioVersion = 16.0.29609.76
MinimumVisualStudioVersion = 10.0.40219.1
Project("{FAE04EC0-301F-11D3-BF4B-00C04F79EFBC}") = "SpotifyAppTest", "SpotifyAppTest.csproj", "{B4B0F03C-5305-470B-8FE9-9EB3F940106F}"
EndProject
Global
	GlobalSection(SolutionConfigurationPlatforms) = preSolution
		Debug|Any CPU = Debug|Any CPU
		Release|Any CPU = Release|Any CPU
	EndGlobalSection
	GlobalSection(ProjectConfigurationPlatforms) = postSolution
		{B4B0F03C-5305-470B-8FE9-9EB3F940106F}.Debug|Any CPU.ActiveCfg = Debug|Any CPU
		{B4B0F03C-5305-470B-8FE9-9EB3F940106F}.Debug|Any CPU.Build.0 = Debug|Any CPU
		{B4B0F03C-5305-470B-8FE9-9EB3F940106F}.Release|Any CPU.ActiveCfg = Release|Any CPU
		{B4B0F03C-5305-470B-8FE9-9EB3F940106F}.Release|Any CPU.Build.0 = Release|Any CPU
	EndGlobalSection
	GlobalSection(SolutionProperties) = preSolution
		HideSolutionNode = FALSE
	EndGlobalSection
	GlobalSection(ExtensibilityGlobals) = postSolution
		SolutionGuid = {DAD0BBBB-4B7E-45E0-BC14-92369F9E50BB}
	EndGlobalSection
EndGlobal
